// !$*UTF8*$!
{
	archiveVersion = 1;
	classes = {
	};
	objectVersion = 46;
	objects = {

/* Begin PBXBuildFile section */
		FB3EFC8219015338008FD4DB /* Foundation.framework in Frameworks */ = {isa = PBXBuildFile; fileRef = FB3EFC8119015338008FD4DB /* Foundation.framework */; };
		FB3EFC8419015338008FD4DB /* CoreGraphics.framework in Frameworks */ = {isa = PBXBuildFile; fileRef = FB3EFC8319015338008FD4DB /* CoreGraphics.framework */; };
		FB3EFC8619015338008FD4DB /* UIKit.framework in Frameworks */ = {isa = PBXBuildFile; fileRef = FB3EFC8519015338008FD4DB /* UIKit.framework */; };
		FB3EFC8C19015338008FD4DB /* InfoPlist.strings in Resources */ = {isa = PBXBuildFile; fileRef = FB3EFC8A19015338008FD4DB /* InfoPlist.strings */; };
		FB3EFC8E19015338008FD4DB /* main.m in Sources */ = {isa = PBXBuildFile; fileRef = FB3EFC8D19015338008FD4DB /* main.m */; };
		FB3EFC9219015338008FD4DB /* AppDelegate.m in Sources */ = {isa = PBXBuildFile; fileRef = FB3EFC9119015338008FD4DB /* AppDelegate.m */; };
		FB3EFC9519015338008FD4DB /* Main.storyboard in Resources */ = {isa = PBXBuildFile; fileRef = FB3EFC9319015338008FD4DB /* Main.storyboard */; };
		FB3EFC9A19015338008FD4DB /* Images.xcassets in Resources */ = {isa = PBXBuildFile; fileRef = FB3EFC9919015338008FD4DB /* Images.xcassets */; };
		FB3EFCA119015338008FD4DB /* XCTest.framework in Frameworks */ = {isa = PBXBuildFile; fileRef = FB3EFCA019015338008FD4DB /* XCTest.framework */; };
		FB3EFCA219015338008FD4DB /* Foundation.framework in Frameworks */ = {isa = PBXBuildFile; fileRef = FB3EFC8119015338008FD4DB /* Foundation.framework */; };
		FB3EFCA319015338008FD4DB /* UIKit.framework in Frameworks */ = {isa = PBXBuildFile; fileRef = FB3EFC8519015338008FD4DB /* UIKit.framework */; };
		FB3EFCAB19015338008FD4DB /* InfoPlist.strings in Resources */ = {isa = PBXBuildFile; fileRef = FB3EFCA919015338008FD4DB /* InfoPlist.strings */; };
		FB3EFCAD19015339008FD4DB /* ShoppingListIphoneTests.m in Sources */ = {isa = PBXBuildFile; fileRef = FB3EFCAC19015339008FD4DB /* ShoppingListIphoneTests.m */; };
		FB3EFCBB190172D3008FD4DB /* ShoppingListController.m in Sources */ = {isa = PBXBuildFile; fileRef = FB3EFCBA190172D3008FD4DB /* ShoppingListController.m */; };
		FB3EFCBE190172FB008FD4DB /* AddItemController.m in Sources */ = {isa = PBXBuildFile; fileRef = FB3EFCBD190172FB008FD4DB /* AddItemController.m */; };
		FB3EFCC1190173E1008FD4DB /* ItemCell.m in Sources */ = {isa = PBXBuildFile; fileRef = FB3EFCC0190173E1008FD4DB /* ItemCell.m */; };
		FB3EFCC319017798008FD4DB /* CoreData.framework in Frameworks */ = {isa = PBXBuildFile; fileRef = FB3EFCC219017798008FD4DB /* CoreData.framework */; };
		FB3EFCCC1901799D008FD4DB /* ShoppingListModel.xcdatamodeld in Sources */ = {isa = PBXBuildFile; fileRef = FB3EFCCA1901799D008FD4DB /* ShoppingListModel.xcdatamodeld */; };
		FB3EFCCF19017E07008FD4DB /* ShoppingList.m in Sources */ = {isa = PBXBuildFile; fileRef = FB3EFCCE19017E07008FD4DB /* ShoppingList.m */; };
		FB3EFCD219017E07008FD4DB /* ItemData.m in Sources */ = {isa = PBXBuildFile; fileRef = FB3EFCD119017E07008FD4DB /* ItemData.m */; };
		FB3EFCD519017E07008FD4DB /* Item.m in Sources */ = {isa = PBXBuildFile; fileRef = FB3EFCD419017E07008FD4DB /* Item.m */; };
		FB3EFCD81901A9DF008FD4DB /* TotalCell.m in Sources */ = {isa = PBXBuildFile; fileRef = FB3EFCD71901A9DF008FD4DB /* TotalCell.m */; };
/* End PBXBuildFile section */

/* Begin PBXContainerItemProxy section */
		FB3EFCA419015338008FD4DB /* PBXContainerItemProxy */ = {
			isa = PBXContainerItemProxy;
			containerPortal = FB3EFC7619015338008FD4DB /* Project object */;
			proxyType = 1;
			remoteGlobalIDString = FB3EFC7D19015338008FD4DB;
			remoteInfo = ShoppingListIphone;
		};
/* End PBXContainerItemProxy section */

/* Begin PBXFileReference section */
		FB3EFC7E19015338008FD4DB /* ShoppingListIphone.app */ = {isa = PBXFileReference; explicitFileType = wrapper.application; includeInIndex = 0; path = ShoppingListIphone.app; sourceTree = BUILT_PRODUCTS_DIR; };
		FB3EFC8119015338008FD4DB /* Foundation.framework */ = {isa = PBXFileReference; lastKnownFileType = wrapper.framework; name = Foundation.framework; path = System/Library/Frameworks/Foundation.framework; sourceTree = SDKROOT; };
		FB3EFC8319015338008FD4DB /* CoreGraphics.framework */ = {isa = PBXFileReference; lastKnownFileType = wrapper.framework; name = CoreGraphics.framework; path = System/Library/Frameworks/CoreGraphics.framework; sourceTree = SDKROOT; };
		FB3EFC8519015338008FD4DB /* UIKit.framework */ = {isa = PBXFileReference; lastKnownFileType = wrapper.framework; name = UIKit.framework; path = System/Library/Frameworks/UIKit.framework; sourceTree = SDKROOT; };
		FB3EFC8919015338008FD4DB /* ShoppingListIphone-Info.plist */ = {isa = PBXFileReference; lastKnownFileType = text.plist.xml; path = "ShoppingListIphone-Info.plist"; sourceTree = "<group>"; };
		FB3EFC8B19015338008FD4DB /* en */ = {isa = PBXFileReference; lastKnownFileType = text.plist.strings; name = en; path = en.lproj/InfoPlist.strings; sourceTree = "<group>"; };
		FB3EFC8D19015338008FD4DB /* main.m */ = {isa = PBXFileReference; lastKnownFileType = sourcecode.c.objc; path = main.m; sourceTree = "<group>"; };
		FB3EFC8F19015338008FD4DB /* ShoppingListIphone-Prefix.pch */ = {isa = PBXFileReference; lastKnownFileType = sourcecode.c.h; path = "ShoppingListIphone-Prefix.pch"; sourceTree = "<group>"; };
		FB3EFC9019015338008FD4DB /* AppDelegate.h */ = {isa = PBXFileReference; lastKnownFileType = sourcecode.c.h; path = AppDelegate.h; sourceTree = "<group>"; };
		FB3EFC9119015338008FD4DB /* AppDelegate.m */ = {isa = PBXFileReference; lastKnownFileType = sourcecode.c.objc; path = AppDelegate.m; sourceTree = "<group>"; };
		FB3EFC9419015338008FD4DB /* Base */ = {isa = PBXFileReference; lastKnownFileType = file.storyboard; name = Base; path = Base.lproj/Main.storyboard; sourceTree = "<group>"; };
		FB3EFC9919015338008FD4DB /* Images.xcassets */ = {isa = PBXFileReference; lastKnownFileType = folder.assetcatalog; path = Images.xcassets; sourceTree = "<group>"; };
		FB3EFC9F19015338008FD4DB /* ShoppingListIphoneTests.xctest */ = {isa = PBXFileReference; explicitFileType = wrapper.cfbundle; includeInIndex = 0; path = ShoppingListIphoneTests.xctest; sourceTree = BUILT_PRODUCTS_DIR; };
		FB3EFCA019015338008FD4DB /* XCTest.framework */ = {isa = PBXFileReference; lastKnownFileType = wrapper.framework; name = XCTest.framework; path = Library/Frameworks/XCTest.framework; sourceTree = DEVELOPER_DIR; };
		FB3EFCA819015338008FD4DB /* ShoppingListIphoneTests-Info.plist */ = {isa = PBXFileReference; lastKnownFileType = text.plist.xml; path = "ShoppingListIphoneTests-Info.plist"; sourceTree = "<group>"; };
		FB3EFCAA19015338008FD4DB /* en */ = {isa = PBXFileReference; lastKnownFileType = text.plist.strings; name = en; path = en.lproj/InfoPlist.strings; sourceTree = "<group>"; };
		FB3EFCAC19015339008FD4DB /* ShoppingListIphoneTests.m */ = {isa = PBXFileReference; lastKnownFileType = sourcecode.c.objc; path = ShoppingListIphoneTests.m; sourceTree = "<group>"; };
		FB3EFCB9190172D3008FD4DB /* ShoppingListController.h */ = {isa = PBXFileReference; fileEncoding = 4; lastKnownFileType = sourcecode.c.h; path = ShoppingListController.h; sourceTree = "<group>"; };
		FB3EFCBA190172D3008FD4DB /* ShoppingListController.m */ = {isa = PBXFileReference; fileEncoding = 4; lastKnownFileType = sourcecode.c.objc; path = ShoppingListController.m; sourceTree = "<group>"; };
		FB3EFCBC190172FB008FD4DB /* AddItemController.h */ = {isa = PBXFileReference; fileEncoding = 4; lastKnownFileType = sourcecode.c.h; path = AddItemController.h; sourceTree = "<group>"; };
		FB3EFCBD190172FB008FD4DB /* AddItemController.m */ = {isa = PBXFileReference; fileEncoding = 4; lastKnownFileType = sourcecode.c.objc; path = AddItemController.m; sourceTree = "<group>"; };
		FB3EFCBF190173E0008FD4DB /* ItemCell.h */ = {isa = PBXFileReference; fileEncoding = 4; lastKnownFileType = sourcecode.c.h; path = ItemCell.h; sourceTree = "<group>"; };
		FB3EFCC0190173E1008FD4DB /* ItemCell.m */ = {isa = PBXFileReference; fileEncoding = 4; lastKnownFileType = sourcecode.c.objc; path = ItemCell.m; sourceTree = "<group>"; };
		FB3EFCC219017798008FD4DB /* CoreData.framework */ = {isa = PBXFileReference; lastKnownFileType = wrapper.framework; name = CoreData.framework; path = System/Library/Frameworks/CoreData.framework; sourceTree = SDKROOT; };
		FB3EFCCB1901799D008FD4DB /* ShoppingListModel.xcdatamodel */ = {isa = PBXFileReference; lastKnownFileType = wrapper.xcdatamodel; path = ShoppingListModel.xcdatamodel; sourceTree = "<group>"; };
		FB3EFCCD19017E07008FD4DB /* ShoppingList.h */ = {isa = PBXFileReference; fileEncoding = 4; lastKnownFileType = sourcecode.c.h; path = ShoppingList.h; sourceTree = "<group>"; };
		FB3EFCCE19017E07008FD4DB /* ShoppingList.m */ = {isa = PBXFileReference; fileEncoding = 4; lastKnownFileType = sourcecode.c.objc; path = ShoppingList.m; sourceTree = "<group>"; };
		FB3EFCD019017E07008FD4DB /* ItemData.h */ = {isa = PBXFileReference; fileEncoding = 4; lastKnownFileType = sourcecode.c.h; path = ItemData.h; sourceTree = "<group>"; };
		FB3EFCD119017E07008FD4DB /* ItemData.m */ = {isa = PBXFileReference; fileEncoding = 4; lastKnownFileType = sourcecode.c.objc; path = ItemData.m; sourceTree = "<group>"; };
		FB3EFCD319017E07008FD4DB /* Item.h */ = {isa = PBXFileReference; fileEncoding = 4; lastKnownFileType = sourcecode.c.h; path = Item.h; sourceTree = "<group>"; };
		FB3EFCD419017E07008FD4DB /* Item.m */ = {isa = PBXFileReference; fileEncoding = 4; lastKnownFileType = sourcecode.c.objc; path = Item.m; sourceTree = "<group>"; };
		FB3EFCD61901A9DF008FD4DB /* TotalCell.h */ = {isa = PBXFileReference; fileEncoding = 4; lastKnownFileType = sourcecode.c.h; path = TotalCell.h; sourceTree = "<group>"; };
		FB3EFCD71901A9DF008FD4DB /* TotalCell.m */ = {isa = PBXFileReference; fileEncoding = 4; lastKnownFileType = sourcecode.c.objc; path = TotalCell.m; sourceTree = "<group>"; };
/* End PBXFileReference section */

/* Begin PBXFrameworksBuildPhase section */
		FB3EFC7B19015338008FD4DB /* Frameworks */ = {
			isa = PBXFrameworksBuildPhase;
			buildActionMask = 2147483647;
			files = (
				FB3EFCC319017798008FD4DB /* CoreData.framework in Frameworks */,
				FB3EFC8419015338008FD4DB /* CoreGraphics.framework in Frameworks */,
				FB3EFC8619015338008FD4DB /* UIKit.framework in Frameworks */,
				FB3EFC8219015338008FD4DB /* Foundation.framework in Frameworks */,
			);
			runOnlyForDeploymentPostprocessing = 0;
		};
		FB3EFC9C19015338008FD4DB /* Frameworks */ = {
			isa = PBXFrameworksBuildPhase;
			buildActionMask = 2147483647;
			files = (
				FB3EFCA119015338008FD4DB /* XCTest.framework in Frameworks */,
				FB3EFCA319015338008FD4DB /* UIKit.framework in Frameworks */,
				FB3EFCA219015338008FD4DB /* Foundation.framework in Frameworks */,
			);
			runOnlyForDeploymentPostprocessing = 0;
		};
/* End PBXFrameworksBuildPhase section */

/* Begin PBXGroup section */
		FB3EFC7519015338008FD4DB = {
			isa = PBXGroup;
			children = (
				FB3EFC8719015338008FD4DB /* ShoppingListIphone */,
				FB3EFCA619015338008FD4DB /* ShoppingListIphoneTests */,
				FB3EFC8019015338008FD4DB /* Frameworks */,
				FB3EFC7F19015338008FD4DB /* Products */,
			);
			sourceTree = "<group>";
		};
		FB3EFC7F19015338008FD4DB /* Products */ = {
			isa = PBXGroup;
			children = (
				FB3EFC7E19015338008FD4DB /* ShoppingListIphone.app */,
				FB3EFC9F19015338008FD4DB /* ShoppingListIphoneTests.xctest */,
			);
			name = Products;
			sourceTree = "<group>";
		};
		FB3EFC8019015338008FD4DB /* Frameworks */ = {
			isa = PBXGroup;
			children = (
				FB3EFCC219017798008FD4DB /* CoreData.framework */,
				FB3EFC8119015338008FD4DB /* Foundation.framework */,
				FB3EFC8319015338008FD4DB /* CoreGraphics.framework */,
				FB3EFC8519015338008FD4DB /* UIKit.framework */,
				FB3EFCA019015338008FD4DB /* XCTest.framework */,
			);
			name = Frameworks;
			sourceTree = "<group>";
		};
		FB3EFC8719015338008FD4DB /* ShoppingListIphone */ = {
			isa = PBXGroup;
			children = (
				FB3EFC9019015338008FD4DB /* AppDelegate.h */,
				FB3EFC9119015338008FD4DB /* AppDelegate.m */,
				FB3EFC9319015338008FD4DB /* Main.storyboard */,
				FB3EFCB9190172D3008FD4DB /* ShoppingListController.h */,
				FB3EFCBA190172D3008FD4DB /* ShoppingListController.m */,
				FB3EFCBC190172FB008FD4DB /* AddItemController.h */,
				FB3EFCBD190172FB008FD4DB /* AddItemController.m */,
				FB3EFCBF190173E0008FD4DB /* ItemCell.h */,
				FB3EFCC0190173E1008FD4DB /* ItemCell.m */,
				FB3EFCD61901A9DF008FD4DB /* TotalCell.h */,
				FB3EFCD71901A9DF008FD4DB /* TotalCell.m */,
				FB3EFCCA1901799D008FD4DB /* ShoppingListModel.xcdatamodeld */,
				FB3EFCD319017E07008FD4DB /* Item.h */,
				FB3EFCD419017E07008FD4DB /* Item.m */,
				FB3EFCD019017E07008FD4DB /* ItemData.h */,
				FB3EFCD119017E07008FD4DB /* ItemData.m */,
				FB3EFCCD19017E07008FD4DB /* ShoppingList.h */,
				FB3EFCCE19017E07008FD4DB /* ShoppingList.m */,
				FB3EFC9919015338008FD4DB /* Images.xcassets */,
				FB3EFC8819015338008FD4DB /* Supporting Files */,
			);
			path = ShoppingListIphone;
			sourceTree = "<group>";
		};
		FB3EFC8819015338008FD4DB /* Supporting Files */ = {
			isa = PBXGroup;
			children = (
				FB3EFC8919015338008FD4DB /* ShoppingListIphone-Info.plist */,
				FB3EFC8A19015338008FD4DB /* InfoPlist.strings */,
				FB3EFC8D19015338008FD4DB /* main.m */,
				FB3EFC8F19015338008FD4DB /* ShoppingListIphone-Prefix.pch */,
			);
			name = "Supporting Files";
			sourceTree = "<group>";
		};
		FB3EFCA619015338008FD4DB /* ShoppingListIphoneTests */ = {
			isa = PBXGroup;
			children = (
				FB3EFCAC19015339008FD4DB /* ShoppingListIphoneTests.m */,
				FB3EFCA719015338008FD4DB /* Supporting Files */,
			);
			path = ShoppingListIphoneTests;
			sourceTree = "<group>";
		};
		FB3EFCA719015338008FD4DB /* Supporting Files */ = {
			isa = PBXGroup;
			children = (
				FB3EFCA819015338008FD4DB /* ShoppingListIphoneTests-Info.plist */,
				FB3EFCA919015338008FD4DB /* InfoPlist.strings */,
			);
			name = "Supporting Files";
			sourceTree = "<group>";
		};
/* End PBXGroup section */

/* Begin PBXNativeTarget section */
		FB3EFC7D19015338008FD4DB /* ShoppingListIphone */ = {
			isa = PBXNativeTarget;
			buildConfigurationList = FB3EFCB019015339008FD4DB /* Build configuration list for PBXNativeTarget "ShoppingListIphone" */;
			buildPhases = (
				FB3EFC7A19015338008FD4DB /* Sources */,
				FB3EFC7B19015338008FD4DB /* Frameworks */,
				FB3EFC7C19015338008FD4DB /* Resources */,
			);
			buildRules = (
			);
			dependencies = (
			);
			name = ShoppingListIphone;
			productName = ShoppingListIphone;
			productReference = FB3EFC7E19015338008FD4DB /* ShoppingListIphone.app */;
			productType = "com.apple.product-type.application";
		};
		FB3EFC9E19015338008FD4DB /* ShoppingListIphoneTests */ = {
			isa = PBXNativeTarget;
			buildConfigurationList = FB3EFCB319015339008FD4DB /* Build configuration list for PBXNativeTarget "ShoppingListIphoneTests" */;
			buildPhases = (
				FB3EFC9B19015338008FD4DB /* Sources */,
				FB3EFC9C19015338008FD4DB /* Frameworks */,
				FB3EFC9D19015338008FD4DB /* Resources */,
			);
			buildRules = (
			);
			dependencies = (
				FB3EFCA519015338008FD4DB /* PBXTargetDependency */,
			);
			name = ShoppingListIphoneTests;
			productName = ShoppingListIphoneTests;
			productReference = FB3EFC9F19015338008FD4DB /* ShoppingListIphoneTests.xctest */;
			productType = "com.apple.product-type.bundle.unit-test";
		};
/* End PBXNativeTarget section */

/* Begin PBXProject section */
		FB3EFC7619015338008FD4DB /* Project object */ = {
			isa = PBXProject;
			attributes = {
				LastUpgradeCheck = 0500;
				ORGANIZATIONNAME = "Bhavik Maneck";
				TargetAttributes = {
					FB3EFC9E19015338008FD4DB = {
						TestTargetID = FB3EFC7D19015338008FD4DB;
					};
				};
			};
			buildConfigurationList = FB3EFC7919015338008FD4DB /* Build configuration list for PBXProject "ShoppingListIphone" */;
			compatibilityVersion = "Xcode 3.2";
			developmentRegion = English;
			hasScannedForEncodings = 0;
			knownRegions = (
				en,
				Base,
			);
			mainGroup = FB3EFC7519015338008FD4DB;
			productRefGroup = FB3EFC7F19015338008FD4DB /* Products */;
			projectDirPath = "";
			projectRoot = "";
			targets = (
				FB3EFC7D19015338008FD4DB /* ShoppingListIphone */,
				FB3EFC9E19015338008FD4DB /* ShoppingListIphoneTests */,
			);
		};
/* End PBXProject section */

/* Begin PBXResourcesBuildPhase section */
		FB3EFC7C19015338008FD4DB /* Resources */ = {
			isa = PBXResourcesBuildPhase;
			buildActionMask = 2147483647;
			files = (
				FB3EFC9A19015338008FD4DB /* Images.xcassets in Resources */,
				FB3EFC8C19015338008FD4DB /* InfoPlist.strings in Resources */,
				FB3EFC9519015338008FD4DB /* Main.storyboard in Resources */,
			);
			runOnlyForDeploymentPostprocessing = 0;
		};
		FB3EFC9D19015338008FD4DB /* Resources */ = {
			isa = PBXResourcesBuildPhase;
			buildActionMask = 2147483647;
			files = (
				FB3EFCAB19015338008FD4DB /* InfoPlist.strings in Resources */,
			);
			runOnlyForDeploymentPostprocessing = 0;
		};
/* End PBXResourcesBuildPhase section */

/* Begin PBXSourcesBuildPhase section */
		FB3EFC7A19015338008FD4DB /* Sources */ = {
			isa = PBXSourcesBuildPhase;
			buildActionMask = 2147483647;
			files = (
				FB3EFCD519017E07008FD4DB /* Item.m in Sources */,
				FB3EFCC1190173E1008FD4DB /* ItemCell.m in Sources */,
				FB3EFCD81901A9DF008FD4DB /* TotalCell.m in Sources */,
				FB3EFCCC1901799D008FD4DB /* ShoppingListModel.xcdatamodeld in Sources */,
				FB3EFCCF19017E07008FD4DB /* ShoppingList.m in Sources */,
				FB3EFC9219015338008FD4DB /* AppDelegate.m in Sources */,
				FB3EFCBB190172D3008FD4DB /* ShoppingListController.m in Sources */,
				FB3EFCBE190172FB008FD4DB /* AddItemController.m in Sources */,
				FB3EFCD219017E07008FD4DB /* ItemData.m in Sources */,
				FB3EFC8E19015338008FD4DB /* main.m in Sources */,
			);
			runOnlyForDeploymentPostprocessing = 0;
		};
		FB3EFC9B19015338008FD4DB /* Sources */ = {
			isa = PBXSourcesBuildPhase;
			buildActionMask = 2147483647;
			files = (
				FB3EFCAD19015339008FD4DB /* ShoppingListIphoneTests.m in Sources */,
			);
			runOnlyForDeploymentPostprocessing = 0;
		};
/* End PBXSourcesBuildPhase section */

/* Begin PBXTargetDependency section */
		FB3EFCA519015338008FD4DB /* PBXTargetDependency */ = {
			isa = PBXTargetDependency;
			target = FB3EFC7D19015338008FD4DB /* ShoppingListIphone */;
			targetProxy = FB3EFCA419015338008FD4DB /* PBXContainerItemProxy */;
		};
/* End PBXTargetDependency section */

/* Begin PBXVariantGroup section */
		FB3EFC8A19015338008FD4DB /* InfoPlist.strings */ = {
			isa = PBXVariantGroup;
			children = (
				FB3EFC8B19015338008FD4DB /* en */,
			);
			name = InfoPlist.strings;
			sourceTree = "<group>";
		};
		FB3EFC9319015338008FD4DB /* Main.storyboard */ = {
			isa = PBXVariantGroup;
			children = (
				FB3EFC9419015338008FD4DB /* Base */,
			);
			name = Main.storyboard;
			sourceTree = "<group>";
		};
		FB3EFCA919015338008FD4DB /* InfoPlist.strings */ = {
			isa = PBXVariantGroup;
			children = (
				FB3EFCAA19015338008FD4DB /* en */,
			);
			name = InfoPlist.strings;
			sourceTree = "<group>";
		};
/* End PBXVariantGroup section */

/* Begin XCBuildConfiguration section */
		FB3EFCAE19015339008FD4DB /* Debug */ = {
			isa = XCBuildConfiguration;
			buildSettings = {
				ALWAYS_SEARCH_USER_PATHS = NO;
				ARCHS = "$(ARCHS_STANDARD_INCLUDING_64_BIT)";
				CLANG_CXX_LANGUAGE_STANDARD = "gnu++0x";
				CLANG_CXX_LIBRARY = "libc++";
				CLANG_ENABLE_MODULES = YES;
				CLANG_ENABLE_OBJC_ARC = YES;
				CLANG_WARN_BOOL_CONVERSION = YES;
				CLANG_WARN_CONSTANT_CONVERSION = YES;
				CLANG_WARN_DIRECT_OBJC_ISA_USAGE = YES_ERROR;
				CLANG_WARN_EMPTY_BODY = YES;
				CLANG_WARN_ENUM_CONVERSION = YES;
				CLANG_WARN_INT_CONVERSION = YES;
				CLANG_WARN_OBJC_ROOT_CLASS = YES_ERROR;
				CLANG_WARN__DUPLICATE_METHOD_MATCH = YES;
				"CODE_SIGN_IDENTITY[sdk=iphoneos*]" = "iPhone Developer";
				COPY_PHASE_STRIP = NO;
				GCC_C_LANGUAGE_STANDARD = gnu99;
				GCC_DYNAMIC_NO_PIC = NO;
				GCC_OPTIMIZATION_LEVEL = 0;
				GCC_PREPROCESSOR_DEFINITIONS = (
					"DEBUG=1",
					"$(inherited)",
				);
				GCC_SYMBOLS_PRIVATE_EXTERN = NO;
				GCC_WARN_64_TO_32_BIT_CONVERSION = YES;
				GCC_WARN_ABOUT_RETURN_TYPE = YES_ERROR;
				GCC_WARN_UNDECLARED_SELECTOR = YES;
				GCC_WARN_UNINITIALIZED_AUTOS = YES;
				GCC_WARN_UNUSED_FUNCTION = YES;
				GCC_WARN_UNUSED_VARIABLE = YES;
				IPHONEOS_DEPLOYMENT_TARGET = 7.0;
				ONLY_ACTIVE_ARCH = YES;
				SDKROOT = iphoneos;
			};
			name = Debug;
		};
		FB3EFCAF19015339008FD4DB /* Release */ = {
			isa = XCBuildConfiguration;
			buildSettings = {
				ALWAYS_SEARCH_USER_PATHS = NO;
				ARCHS = "$(ARCHS_STANDARD_INCLUDING_64_BIT)";
				CLANG_CXX_LANGUAGE_STANDARD = "gnu++0x";
				CLANG_CXX_LIBRARY = "libc++";
				CLANG_ENABLE_MODULES = YES;
				CLANG_ENABLE_OBJC_ARC = YES;
				CLANG_WARN_BOOL_CONVERSION = YES;
				CLANG_WARN_CONSTANT_CONVERSION = YES;
				CLANG_WARN_DIRECT_OBJC_ISA_USAGE = YES_ERROR;
				CLANG_WARN_EMPTY_BODY = YES;
				CLANG_WARN_ENUM_CONVERSION = YES;
				CLANG_WARN_INT_CONVERSION = YES;
				CLANG_WARN_OBJC_ROOT_CLASS = YES_ERROR;
				CLANG_WARN__DUPLICATE_METHOD_MATCH = YES;
				"CODE_SIGN_IDENTITY[sdk=iphoneos*]" = "iPhone Developer";
				COPY_PHASE_STRIP = YES;
				ENABLE_NS_ASSERTIONS = NO;
				GCC_C_LANGUAGE_STANDARD = gnu99;
				GCC_WARN_64_TO_32_BIT_CONVERSION = YES;
				GCC_WARN_ABOUT_RETURN_TYPE = YES_ERROR;
				GCC_WARN_UNDECLARED_SELECTOR = YES;
				GCC_WARN_UNINITIALIZED_AUTOS = YES;
				GCC_WARN_UNUSED_FUNCTION = YES;
				GCC_WARN_UNUSED_VARIABLE = YES;
				IPHONEOS_DEPLOYMENT_TARGET = 7.0;
				SDKROOT = iphoneos;
				VALIDATE_PRODUCT = YES;
			};
			name = Release;
		};
		FB3EFCB119015339008FD4DB /* Debug */ = {
			isa = XCBuildConfiguration;
			buildSettings = {
				ASSETCATALOG_COMPILER_APPICON_NAME = AppIcon;
				ASSETCATALOG_COMPILER_LAUNCHIMAGE_NAME = LaunchImage;
				GCC_PRECOMPILE_PREFIX_HEADER = YES;
				GCC_PREFIX_HEADER = "ShoppingListIphone/ShoppingListIphone-Prefix.pch";
				INFOPLIST_FILE = "ShoppingListIphone/ShoppingListIphone-Info.plist";
				PRODUCT_NAME = "$(TARGET_NAME)";
				WRAPPER_EXTENSION = app;
			};
			name = Debug;
		};
		FB3EFCB219015339008FD4DB /* Release */ = {
			isa = XCBuildConfiguration;
			buildSettings = {
				ASSETCATALOG_COMPILER_APPICON_NAME = AppIcon;
				ASSETCATALOG_COMPILER_LAUNCHIMAGE_NAME = LaunchImage;
				GCC_PRECOMPILE_PREFIX_HEADER = YES;
				GCC_PREFIX_HEADER = "ShoppingListIphone/ShoppingListIphone-Prefix.pch";
				INFOPLIST_FILE = "ShoppingListIphone/ShoppingListIphone-Info.plist";
				PRODUCT_NAME = "$(TARGET_NAME)";
				WRAPPER_EXTENSION = app;
			};
			name = Release;
		};
		FB3EFCB419015339008FD4DB /* Debug */ = {
			isa = XCBuildConfiguration;
			buildSettings = {
				ARCHS = "$(ARCHS_STANDARD_INCLUDING_64_BIT)";
				BUNDLE_LOADER = "$(BUILT_PRODUCTS_DIR)/ShoppingListIphone.app/ShoppingListIphone";
				FRAMEWORK_SEARCH_PATHS = (
					"$(SDKROOT)/Developer/Library/Frameworks",
					"$(inherited)",
					"$(DEVELOPER_FRAMEWORKS_DIR)",
				);
				GCC_PRECOMPILE_PREFIX_HEADER = YES;
				GCC_PREFIX_HEADER = "ShoppingListIphone/ShoppingListIphone-Prefix.pch";
				GCC_PREPROCESSOR_DEFINITIONS = (
					"DEBUG=1",
					"$(inherited)",
				);
				INFOPLIST_FILE = "ShoppingListIphoneTests/ShoppingListIphoneTests-Info.plist";
				PRODUCT_NAME = "$(TARGET_NAME)";
				TEST_HOST = "$(BUNDLE_LOADER)";
				WRAPPER_EXTENSION = xctest;
			};
			name = Debug;
		};
		FB3EFCB519015339008FD4DB /* Release */ = {
			isa = XCBuildConfiguration;
			buildSettings = {
				ARCHS = "$(ARCHS_STANDARD_INCLUDING_64_BIT)";
				BUNDLE_LOADER = "$(BUILT_PRODUCTS_DIR)/ShoppingListIphone.app/ShoppingListIphone";
				FRAMEWORK_SEARCH_PATHS = (
					"$(SDKROOT)/Developer/Library/Frameworks",
					"$(inherited)",
					"$(DEVELOPER_FRAMEWORKS_DIR)",
				);
				GCC_PRECOMPILE_PREFIX_HEADER = YES;
				GCC_PREFIX_HEADER = "ShoppingListIphone/ShoppingListIphone-Prefix.pch";
				INFOPLIST_FILE = "ShoppingListIphoneTests/ShoppingListIphoneTests-Info.plist";
				PRODUCT_NAME = "$(TARGET_NAME)";
				TEST_HOST = "$(BUNDLE_LOADER)";
				WRAPPER_EXTENSION = xctest;
			};
			name = Release;
		};
/* End XCBuildConfiguration section */

/* Begin XCConfigurationList section */
		FB3EFC7919015338008FD4DB /* Build configuration list for PBXProject "ShoppingListIphone" */ = {
			isa = XCConfigurationList;
			buildConfigurations = (
				FB3EFCAE19015339008FD4DB /* Debug */,
				FB3EFCAF19015339008FD4DB /* Release */,
			);
			defaultConfigurationIsVisible = 0;
			defaultConfigurationName = Release;
		};
		FB3EFCB019015339008FD4DB /* Build configuration list for PBXNativeTarget "ShoppingListIphone" */ = {
			isa = XCConfigurationList;
			buildConfigurations = (
				FB3EFCB119015339008FD4DB /* Debug */,
				FB3EFCB219015339008FD4DB /* Release */,
			);
			defaultConfigurationIsVisible = 0;
		};
		FB3EFCB319015339008FD4DB /* Build configuration list for PBXNativeTarget "ShoppingListIphoneTests" */ = {
			isa = XCConfigurationList;
			buildConfigurations = (
				FB3EFCB419015339008FD4DB /* Debug */,
				FB3EFCB519015339008FD4DB /* Release */,
			);
			defaultConfigurationIsVisible = 0;
		};
/* End XCConfigurationList section */

/* Begin XCVersionGroup section */
		FB3EFCCA1901799D008FD4DB /* ShoppingListModel.xcdatamodeld */ = {
			isa = XCVersionGroup;
			children = (
				FB3EFCCB1901799D008FD4DB /* ShoppingListModel.xcdatamodel */,
			);
			currentVersion = FB3EFCCB1901799D008FD4DB /* ShoppingListModel.xcdatamodel */;
			path = ShoppingListModel.xcdatamodeld;
			sourceTree = "<group>";
			versionGroupType = wrapper.xcdatamodel;
		};
/* End XCVersionGroup section */
	};
	rootObject = FB3EFC7619015338008FD4DB /* Project object */;
}
